
Microsoft Visual Studio Solution File, Format Version 12.00
# Visual Studio Version 17
VisualStudioVersion = 17.0.31903.59
MinimumVisualStudioVersion = 10.0.40219.1
Project("{FAE04EC0-301F-11D3-BF4B-00C04F79EFBC}") = "NetJinja", "NetJinja\NetJinja.csproj", "{7978BA2C-CC84-42CC-9D99-A4ACFB330ABF}"
EndProject
Project("{FAE04EC0-301F-11D3-BF4B-00C04F79EFBC}") = "NetJinja.Tests", "NetJinja.Tests\NetJinja.Tests.csproj", "{E9EDE9DB-D104-4F4F-A618-7A76A516FFB7}"
EndProject
Global
	GlobalSection(SolutionConfigurationPlatforms) = preSolution
		Debug|Any CPU = Debug|Any CPU
		Debug|x64 = Debug|x64
		Debug|x86 = Debug|x86
		Release|Any CPU = Release|Any CPU
		Release|x64 = Release|x64
		Release|x86 = Release|x86
	EndGlobalSection
	GlobalSection(ProjectConfigurationPlatforms) = postSolution
		{7978BA2C-CC84-42CC-9D99-A4ACFB330ABF}.Debug|Any CPU.ActiveCfg = Debug|Any CPU
		{7978BA2C-CC84-42CC-9D99-A4ACFB330ABF}.Debug|Any CPU.Build.0 = Debug|Any CPU
		{7978BA2C-CC84-42CC-9D99-A4ACFB330ABF}.Debug|x64.ActiveCfg = Debug|Any CPU
		{7978BA2C-CC84-42CC-9D99-A4ACFB330ABF}.Debug|x64.Build.0 = Debug|Any CPU
		{7978BA2C-CC84-42CC-9D99-A4ACFB330ABF}.Debug|x86.ActiveCfg = Debug|Any CPU
		{7978BA2C-CC84-42CC-9D99-A4ACFB330ABF}.Debug|x86.Build.0 = Debug|Any CPU
		{7978BA2C-CC84-42CC-9D99-A4ACFB330ABF}.Release|Any CPU.ActiveCfg = Release|Any CPU
		{7978BA2C-CC84-42CC-9D99-A4ACFB330ABF}.Release|Any CPU.Build.0 = Release|Any CPU
		{7978BA2C-CC84-42CC-9D99-A4ACFB330ABF}.Release|x64.ActiveCfg = Release|Any CPU
		{7978BA2C-CC84-42CC-9D99-A4ACFB330ABF}.Release|x64.Build.0 = Release|Any CPU
		{7978BA2C-CC84-42CC-9D99-A4ACFB330ABF}.Release|x86.ActiveCfg = Release|Any CPU
		{7978BA2C-CC84-42CC-9D99-A4ACFB330ABF}.Release|x86.Build.0 = Release|Any CPU
		{E9EDE9DB-D104-4F4F-A618-7A76A516FFB7}.Debug|Any CPU.ActiveCfg = Debug|Any CPU
		{E9EDE9DB-D104-4F4F-A618-7A76A516FFB7}.Debug|Any CPU.Build.0 = Debug|Any CPU
		{E9EDE9DB-D104-4F4F-A618-7A76A516FFB7}.Debug|x64.ActiveCfg = Debug|Any CPU
		{E9EDE9DB-D104-4F4F-A618-7A76A516FFB7}.Debug|x64.Build.0 = Debug|Any CPU
		{E9EDE9DB-D104-4F4F-A618-7A76A516FFB7}.Debug|x86.ActiveCfg = Debug|Any CPU
		{E9EDE9DB-D104-4F4F-A618-7A76A516FFB7}.Debug|x86.Build.0 = Debug|Any CPU
		{E9EDE9DB-D104-4F4F-A618-7A76A516FFB7}.Release|Any CPU.ActiveCfg = Release|Any CPU
		{E9EDE9DB-D104-4F4F-A618-7A76A516FFB7}.Release|Any CPU.Build.0 = Release|Any CPU
		{E9EDE9DB-D104-4F4F-A618-7A76A516FFB7}.Release|x64.ActiveCfg = Release|Any CPU
		{E9EDE9DB-D104-4F4F-A618-7A76A516FFB7}.Release|x64.Build.0 = Release|Any CPU
		{E9EDE9DB-D104-4F4F-A618-7A76A516FFB7}.Release|x86.ActiveCfg = Release|Any CPU
		{E9EDE9DB-D104-4F4F-A618-7A76A516FFB7}.Release|x86.Build.0 = Release|Any CPU
	EndGlobalSection
	GlobalSection(SolutionProperties) = preSolution
		HideSolutionNode = FALSE
	EndGlobalSection
EndGlobal
